<?xml version="1.0" encoding="UTF-8" standalone="yes" ?>
<CodeBlocks_project_file>
	<FileVersion major="1" minor="6" />
	<Project>
		<Option title="acpc" />
		<Option pch_mode="2" />
		<Option compiler="gcc" />
		<Option virtualFolders="src\;" />
		<Build>
			<Target title="Debug">
				<Option output="bin/Debug/acpc" prefix_auto="1" extension_auto="1" />
				<Option object_output="obj/Debug/" />
				<Option type="1" />
				<Option compiler="gcc" />
				<Compiler>
					<Add option="-g" />
					<Add directory="include" />
				</Compiler>
			</Target>
			<Target title="Release">
				<Option output="bin/Release/acpc" prefix_auto="1" extension_auto="1" />
				<Option object_output="obj/Release/" />
				<Option type="1" />
				<Option compiler="gcc" />
				<Compiler>
					<Add option="-O2" />
					<Add directory="include" />
				</Compiler>
				<Linker>
					<Add option="-s" />
				</Linker>
			</Target>
		</Build>
		<Compiler>
			<Add option="-Wall" />
		</Compiler>
		<Unit filename="include/ACPCserver.h" />
		<Unit filename="include/Collegedatabase.h" />
		<Unit filename="include/Student.h" />
		<Unit filename="include/Studentdatabase.h" />
		<Unit filename="include/branch.h" />
		<Unit filename="include/college.h" />
		<Unit filename="include/studentview.h" />
		<Unit filename="src/ACPCserver.cpp" />
		<Unit filename="src/Collegedatabase.cpp" />
		<Unit filename="src/Student.cpp" />
		<Unit filename="src/Studentdatabase.cpp" />
		<Unit filename="src/branch.cpp" />
		<Unit filename="src/college.cpp" />
		<Unit filename="src/main.cpp" />
		<Unit filename="src/studentview.cpp" />
		<Extensions>
			<code_completion />
			<envvars />
			<debugger />
		</Extensions>
	</Project>
</CodeBlocks_project_file>
